// !$*UTF8*$!
{
	archiveVersion = 1;
	classes = {
	};
	objectVersion = 56;
	objects = {

/* Begin PBXBuildFile section */
		10254E362CBCA859006237A0 /* LunarZodiacArrayApp.swift in Sources */ = {isa = PBXBuildFile; fileRef = 10254E352CBCA859006237A0 /* LunarZodiacArrayApp.swift */; };
		10254E382CBCA859006237A0 /* ContentView.swift in Sources */ = {isa = PBXBuildFile; fileRef = 10254E372CBCA859006237A0 /* ContentView.swift */; };
		10254E3A2CBCA859006237A0 /* Item.swift in Sources */ = {isa = PBXBuildFile; fileRef = 10254E392CBCA859006237A0 /* Item.swift */; };
		10254E3C2CBCA85B006237A0 /* Assets.xcassets in Resources */ = {isa = PBXBuildFile; fileRef = 10254E3B2CBCA85B006237A0 /* Assets.xcassets */; };
		10254E3F2CBCA85B006237A0 /* Preview Assets.xcassets in Resources */ = {isa = PBXBuildFile; fileRef = 10254E3E2CBCA85B006237A0 /* Preview Assets.xcassets */; };
		10254E492CBCA85B006237A0 /* LunarZodiacArrayTests.swift in Sources */ = {isa = PBXBuildFile; fileRef = 10254E482CBCA85B006237A0 /* LunarZodiacArrayTests.swift */; };
		10254E532CBCA85B006237A0 /* LunarZodiacArrayUITests.swift in Sources */ = {isa = PBXBuildFile; fileRef = 10254E522CBCA85B006237A0 /* LunarZodiacArrayUITests.swift */; };
		10254E552CBCA85B006237A0 /* LunarZodiacArrayUITestsLaunchTests.swift in Sources */ = {isa = PBXBuildFile; fileRef = 10254E542CBCA85B006237A0 /* LunarZodiacArrayUITestsLaunchTests.swift */; };
/* End PBXBuildFile section */

/* Begin PBXContainerItemProxy section */
		10254E452CBCA85B006237A0 /* PBXContainerItemProxy */ = {
			isa = PBXContainerItemProxy;
			containerPortal = 10254E2A2CBCA859006237A0 /* Project object */;
			proxyType = 1;
			remoteGlobalIDString = 10254E312CBCA859006237A0;
			remoteInfo = LunarZodiacArray;
		};
		10254E4F2CBCA85B006237A0 /* PBXContainerItemProxy */ = {
			isa = PBXContainerItemProxy;
			containerPortal = 10254E2A2CBCA859006237A0 /* Project object */;
			proxyType = 1;
			remoteGlobalIDString = 10254E312CBCA859006237A0;
			remoteInfo = LunarZodiacArray;
		};
/* End PBXContainerItemProxy section */

/* Begin PBXFileReference section */
		10254E322CBCA859006237A0 /* LunarZodiacArray.app */ = {isa = PBXFileReference; explicitFileType = wrapper.application; includeInIndex = 0; path = LunarZodiacArray.app; sourceTree = BUILT_PRODUCTS_DIR; };
		10254E352CBCA859006237A0 /* LunarZodiacArrayApp.swift */ = {isa = PBXFileReference; lastKnownFileType = sourcecode.swift; path = LunarZodiacArrayApp.swift; sourceTree = "<group>"; };
		10254E372CBCA859006237A0 /* ContentView.swift */ = {isa = PBXFileReference; lastKnownFileType = sourcecode.swift; path = ContentView.swift; sourceTree = "<group>"; };
		10254E392CBCA859006237A0 /* Item.swift */ = {isa = PBXFileReference; lastKnownFileType = sourcecode.swift; path = Item.swift; sourceTree = "<group>"; };
		10254E3B2CBCA85B006237A0 /* Assets.xcassets */ = {isa = PBXFileReference; lastKnownFileType = folder.assetcatalog; path = Assets.xcassets; sourceTree = "<group>"; };
		10254E3E2CBCA85B006237A0 /* Preview Assets.xcassets */ = {isa = PBXFileReference; lastKnownFileType = folder.assetcatalog; path = "Preview Assets.xcassets"; sourceTree = "<group>"; };
		10254E442CBCA85B006237A0 /* LunarZodiacArrayTests.xctest */ = {isa = PBXFileReference; explicitFileType = wrapper.cfbundle; includeInIndex = 0; path = LunarZodiacArrayTests.xctest; sourceTree = BUILT_PRODUCTS_DIR; };
		10254E482CBCA85B006237A0 /* LunarZodiacArrayTests.swift */ = {isa = PBXFileReference; lastKnownFileType = sourcecode.swift; path = LunarZodiacArrayTests.swift; sourceTree = "<group>"; };
		10254E4E2CBCA85B006237A0 /* LunarZodiacArrayUITests.xctest */ = {isa = PBXFileReference; explicitFileType = wrapper.cfbundle; includeInIndex = 0; path = LunarZodiacArrayUITests.xctest; sourceTree = BUILT_PRODUCTS_DIR; };
		10254E522CBCA85B006237A0 /* LunarZodiacArrayUITests.swift */ = {isa = PBXFileReference; lastKnownFileType = sourcecode.swift; path = LunarZodiacArrayUITests.swift; sourceTree = "<group>"; };
		10254E542CBCA85B006237A0 /* LunarZodiacArrayUITestsLaunchTests.swift */ = {isa = PBXFileReference; lastKnownFileType = sourcecode.swift; path = LunarZodiacArrayUITestsLaunchTests.swift; sourceTree = "<group>"; };
/* End PBXFileReference section */

/* Begin PBXFrameworksBuildPhase section */
		10254E2F2CBCA859006237A0 /* Frameworks */ = {
			isa = PBXFrameworksBuildPhase;
			buildActionMask = 2147483647;
			files = (
			);
			runOnlyForDeploymentPostprocessing = 0;
		};
		10254E412CBCA85B006237A0 /* Frameworks */ = {
			isa = PBXFrameworksBuildPhase;
			buildActionMask = 2147483647;
			files = (
			);
			runOnlyForDeploymentPostprocessing = 0;
		};
		10254E4B2CBCA85B006237A0 /* Frameworks */ = {
			isa = PBXFrameworksBuildPhase;
			buildActionMask = 2147483647;
			files = (
			);
			runOnlyForDeploymentPostprocessing = 0;
		};
/* End PBXFrameworksBuildPhase section */

/* Begin PBXGroup section */
		10254E292CBCA859006237A0 = {
			isa = PBXGroup;
			children = (
				10254E342CBCA859006237A0 /* LunarZodiacArray */,
				10254E472CBCA85B006237A0 /* LunarZodiacArrayTests */,
				10254E512CBCA85B006237A0 /* LunarZodiacArrayUITests */,
				10254E332CBCA859006237A0 /* Products */,
			);
			sourceTree = "<group>";
		};
		10254E332CBCA859006237A0 /* Products */ = {
			isa = PBXGroup;
			children = (
				10254E322CBCA859006237A0 /* LunarZodiacArray.app */,
				10254E442CBCA85B006237A0 /* LunarZodiacArrayTests.xctest */,
				10254E4E2CBCA85B006237A0 /* LunarZodiacArrayUITests.xctest */,
			);
			name = Products;
			sourceTree = "<group>";
		};
		10254E342CBCA859006237A0 /* LunarZodiacArray */ = {
			isa = PBXGroup;
			children = (
				10254E352CBCA859006237A0 /* LunarZodiacArrayApp.swift */,
				10254E372CBCA859006237A0 /* ContentView.swift */,
				10254E392CBCA859006237A0 /* Item.swift */,
				10254E3B2CBCA85B006237A0 /* Assets.xcassets */,
				10254E3D2CBCA85B006237A0 /* Preview Content */,
			);
			path = LunarZodiacArray;
			sourceTree = "<group>";
		};
		10254E3D2CBCA85B006237A0 /* Preview Content */ = {
			isa = PBXGroup;
			children = (
				10254E3E2CBCA85B006237A0 /* Preview Assets.xcassets */,
			);
			path = "Preview Content";
			sourceTree = "<group>";
		};
		10254E472CBCA85B006237A0 /* LunarZodiacArrayTests */ = {
			isa = PBXGroup;
			children = (
				10254E482CBCA85B006237A0 /* LunarZodiacArrayTests.swift */,
			);
			path = LunarZodiacArrayTests;
			sourceTree = "<group>";
		};
		10254E512CBCA85B006237A0 /* LunarZodiacArrayUITests */ = {
			isa = PBXGroup;
			children = (
				10254E522CBCA85B006237A0 /* LunarZodiacArrayUITests.swift */,
				10254E542CBCA85B006237A0 /* LunarZodiacArrayUITestsLaunchTests.swift */,
			);
			path = LunarZodiacArrayUITests;
			sourceTree = "<group>";
		};
/* End PBXGroup section */

/* Begin PBXNativeTarget section */
		10254E312CBCA859006237A0 /* LunarZodiacArray */ = {
			isa = PBXNativeTarget;
			buildConfigurationList = 10254E582CBCA85B006237A0 /* Build configuration list for PBXNativeTarget "LunarZodiacArray" */;
			buildPhases = (
				10254E2E2CBCA859006237A0 /* Sources */,
				10254E2F2CBCA859006237A0 /* Frameworks */,
				10254E302CBCA859006237A0 /* Resources */,
			);
			buildRules = (
			);
			dependencies = (
			);
			name = LunarZodiacArray;
			productName = LunarZodiacArray;
			productReference = 10254E322CBCA859006237A0 /* LunarZodiacArray.app */;
			productType = "com.apple.product-type.application";
		};
		10254E432CBCA85B006237A0 /* LunarZodiacArrayTests */ = {
			isa = PBXNativeTarget;
			buildConfigurationList = 10254E5B2CBCA85B006237A0 /* Build configuration list for PBXNativeTarget "LunarZodiacArrayTests" */;
			buildPhases = (
				10254E402CBCA85B006237A0 /* Sources */,
				10254E412CBCA85B006237A0 /* Frameworks */,
				10254E422CBCA85B006237A0 /* Resources */,
			);
			buildRules = (
			);
			dependencies = (
				10254E462CBCA85B006237A0 /* PBXTargetDependency */,
			);
			name = LunarZodiacArrayTests;
			productName = LunarZodiacArrayTests;
			productReference = 10254E442CBCA85B006237A0 /* LunarZodiacArrayTests.xctest */;
			productType = "com.apple.product-type.bundle.unit-test";
		};
		10254E4D2CBCA85B006237A0 /* LunarZodiacArrayUITests */ = {
			isa = PBXNativeTarget;
			buildConfigurationList = 10254E5E2CBCA85B006237A0 /* Build configuration list for PBXNativeTarget "LunarZodiacArrayUITests" */;
			buildPhases = (
				10254E4A2CBCA85B006237A0 /* Sources */,
				10254E4B2CBCA85B006237A0 /* Frameworks */,
				10254E4C2CBCA85B006237A0 /* Resources */,
			);
			buildRules = (
			);
			dependencies = (
				10254E502CBCA85B006237A0 /* PBXTargetDependency */,
			);
			name = LunarZodiacArrayUITests;
			productName = LunarZodiacArrayUITests;
			productReference = 10254E4E2CBCA85B006237A0 /* LunarZodiacArrayUITests.xctest */;
			productType = "com.apple.product-type.bundle.ui-testing";
		};
/* End PBXNativeTarget section */

/* Begin PBXProject section */
		10254E2A2CBCA859006237A0 /* Project object */ = {
			isa = PBXProject;
			attributes = {
				BuildIndependentTargetsInParallel = 1;
				LastSwiftUpdateCheck = 1540;
				LastUpgradeCheck = 1540;
				TargetAttributes = {
					10254E312CBCA859006237A0 = {
						CreatedOnToolsVersion = 15.4;
					};
					10254E432CBCA85B006237A0 = {
						CreatedOnToolsVersion = 15.4;
						TestTargetID = 10254E312CBCA859006237A0;
					};
					10254E4D2CBCA85B006237A0 = {
						CreatedOnToolsVersion = 15.4;
						TestTargetID = 10254E312CBCA859006237A0;
					};
				};
			};
			buildConfigurationList = 10254E2D2CBCA859006237A0 /* Build configuration list for PBXProject "LunarZodiacArray" */;
			compatibilityVersion = "Xcode 14.0";
			developmentRegion = en;
			hasScannedForEncodings = 0;
			knownRegions = (
				en,
				Base,
			);
			mainGroup = 10254E292CBCA859006237A0;
			productRefGroup = 10254E332CBCA859006237A0 /* Products */;
			projectDirPath = "";
			projectRoot = "";
			targets = (
				10254E312CBCA859006237A0 /* LunarZodiacArray */,
				10254E432CBCA85B006237A0 /* LunarZodiacArrayTests */,
				10254E4D2CBCA85B006237A0 /* LunarZodiacArrayUITests */,
			);
		};
/* End PBXProject section */

/* Begin PBXResourcesBuildPhase section */
		10254E302CBCA859006237A0 /* Resources */ = {
			isa = PBXResourcesBuildPhase;
			buildActionMask = 2147483647;
			files = (
				10254E3F2CBCA85B006237A0 /* Preview Assets.xcassets in Resources */,
				10254E3C2CBCA85B006237A0 /* Assets.xcassets in Resources */,
			);
			runOnlyForDeploymentPostprocessing = 0;
		};
		10254E422CBCA85B006237A0 /* Resources */ = {
			isa = PBXResourcesBuildPhase;
			buildActionMask = 2147483647;
			files = (
			);
			runOnlyForDeploymentPostprocessing = 0;
		};
		10254E4C2CBCA85B006237A0 /* Resources */ = {
			isa = PBXResourcesBuildPhase;
			buildActionMask = 2147483647;
			files = (
			);
			runOnlyForDeploymentPostprocessing = 0;
		};
/* End PBXResourcesBuildPhase section */

/* Begin PBXSourcesBuildPhase section */
		10254E2E2CBCA859006237A0 /* Sources */ = {
			isa = PBXSourcesBuildPhase;
			buildActionMask = 2147483647;
			files = (
				10254E382CBCA859006237A0 /* ContentView.swift in Sources */,
				10254E3A2CBCA859006237A0 /* Item.swift in Sources */,
				10254E362CBCA859006237A0 /* LunarZodiacArrayApp.swift in Sources */,
			);
			runOnlyForDeploymentPostprocessing = 0;
		};
		10254E402CBCA85B006237A0 /* Sources */ = {
			isa = PBXSourcesBuildPhase;
			buildActionMask = 2147483647;
			files = (
				10254E492CBCA85B006237A0 /* LunarZodiacArrayTests.swift in Sources */,
			);
			runOnlyForDeploymentPostprocessing = 0;
		};
		10254E4A2CBCA85B006237A0 /* Sources */ = {
			isa = PBXSourcesBuildPhase;
			buildActionMask = 2147483647;
			files = (
				10254E532CBCA85B006237A0 /* LunarZodiacArrayUITests.swift in Sources */,
				10254E552CBCA85B006237A0 /* LunarZodiacArrayUITestsLaunchTests.swift in Sources */,
			);
			runOnlyForDeploymentPostprocessing = 0;
		};
/* End PBXSourcesBuildPhase section */

/* Begin PBXTargetDependency section */
		10254E462CBCA85B006237A0 /* PBXTargetDependency */ = {
			isa = PBXTargetDependency;
			target = 10254E312CBCA859006237A0 /* LunarZodiacArray */;
			targetProxy = 10254E452CBCA85B006237A0 /* PBXContainerItemProxy */;
		};
		10254E502CBCA85B006237A0 /* PBXTargetDependency */ = {
			isa = PBXTargetDependency;
			target = 10254E312CBCA859006237A0 /* LunarZodiacArray */;
			targetProxy = 10254E4F2CBCA85B006237A0 /* PBXContainerItemProxy */;
		};
/* End PBXTargetDependency section */

/* Begin XCBuildConfiguration section */
		10254E562CBCA85B006237A0 /* Debug */ = {
			isa = XCBuildConfiguration;
			buildSettings = {
				ALWAYS_SEARCH_USER_PATHS = NO;
				ASSETCATALOG_COMPILER_GENERATE_SWIFT_ASSET_SYMBOL_EXTENSIONS = YES;
				CLANG_ANALYZER_NONNULL = YES;
				CLANG_ANALYZER_NUMBER_OBJECT_CONVERSION = YES_AGGRESSIVE;
				CLANG_CXX_LANGUAGE_STANDARD = "gnu++20";
				CLANG_ENABLE_MODULES = YES;
				CLANG_ENABLE_OBJC_ARC = YES;
				CLANG_ENABLE_OBJC_WEAK = YES;
				CLANG_WARN_BLOCK_CAPTURE_AUTORELEASING = YES;
				CLANG_WARN_BOOL_CONVERSION = YES;
				CLANG_WARN_COMMA = YES;
				CLANG_WARN_CONSTANT_CONVERSION = YES;
				CLANG_WARN_DEPRECATED_OBJC_IMPLEMENTATIONS = YES;
				CLANG_WARN_DIRECT_OBJC_ISA_USAGE = YES_ERROR;
				CLANG_WARN_DOCUMENTATION_COMMENTS = YES;
				CLANG_WARN_EMPTY_BODY = YES;
				CLANG_WARN_ENUM_CONVERSION = YES;
				CLANG_WARN_INFINITE_RECURSION = YES;
				CLANG_WARN_INT_CONVERSION = YES;
				CLANG_WARN_NON_LITERAL_NULL_CONVERSION = YES;
				CLANG_WARN_OBJC_IMPLICIT_RETAIN_SELF = YES;
				CLANG_WARN_OBJC_LITERAL_CONVERSION = YES;
				CLANG_WARN_OBJC_ROOT_CLASS = YES_ERROR;
				CLANG_WARN_QUOTED_INCLUDE_IN_FRAMEWORK_HEADER = YES;
				CLANG_WARN_RANGE_LOOP_ANALYSIS = YES;
				CLANG_WARN_STRICT_PROTOTYPES = YES;
				CLANG_WARN_SUSPICIOUS_MOVE = YES;
				CLANG_WARN_UNGUARDED_AVAILABILITY = YES_AGGRESSIVE;
				CLANG_WARN_UNREACHABLE_CODE = YES;
				CLANG_WARN__DUPLICATE_METHOD_MATCH = YES;
				COPY_PHASE_STRIP = NO;
				DEBUG_INFORMATION_FORMAT = dwarf;
				ENABLE_STRICT_OBJC_MSGSEND = YES;
				ENABLE_TESTABILITY = YES;
				ENABLE_USER_SCRIPT_SANDBOXING = YES;
				GCC_C_LANGUAGE_STANDARD = gnu17;
				GCC_DYNAMIC_NO_PIC = NO;
				GCC_NO_COMMON_BLOCKS = YES;
				GCC_OPTIMIZATION_LEVEL = 0;
				GCC_PREPROCESSOR_DEFINITIONS = (
					"DEBUG=1",
					"$(inherited)",
				);
				GCC_WARN_64_TO_32_BIT_CONVERSION = YES;
				GCC_WARN_ABOUT_RETURN_TYPE = YES_ERROR;
				GCC_WARN_UNDECLARED_SELECTOR = YES;
				GCC_WARN_UNINITIALIZED_AUTOS = YES_AGGRESSIVE;
				GCC_WARN_UNUSED_FUNCTION = YES;
				GCC_WARN_UNUSED_VARIABLE = YES;
				IPHONEOS_DEPLOYMENT_TARGET = 17.5;
				LOCALIZATION_PREFERS_STRING_CATALOGS = YES;
				MTL_ENABLE_DEBUG_INFO = INCLUDE_SOURCE;
				MTL_FAST_MATH = YES;
				ONLY_ACTIVE_ARCH = YES;
				SDKROOT = iphoneos;
				SWIFT_ACTIVE_COMPILATION_CONDITIONS = "DEBUG $(inherited)";
				SWIFT_OPTIMIZATION_LEVEL = "-Onone";
			};
			name = Debug;
		};
		10254E572CBCA85B006237A0 /* Release */ = {
			isa = XCBuildConfiguration;
			buildSettings = {
				ALWAYS_SEARCH_USER_PATHS = NO;
				ASSETCATALOG_COMPILER_GENERATE_SWIFT_ASSET_SYMBOL_EXTENSIONS = YES;
				CLANG_ANALYZER_NONNULL = YES;
				CLANG_ANALYZER_NUMBER_OBJECT_CONVERSION = YES_AGGRESSIVE;
				CLANG_CXX_LANGUAGE_STANDARD = "gnu++20";
				CLANG_ENABLE_MODULES = YES;
				CLANG_ENABLE_OBJC_ARC = YES;
				CLANG_ENABLE_OBJC_WEAK = YES;
				CLANG_WARN_BLOCK_CAPTURE_AUTORELEASING = YES;
				CLANG_WARN_BOOL_CONVERSION = YES;
				CLANG_WARN_COMMA = YES;
				CLANG_WARN_CONSTANT_CONVERSION = YES;
				CLANG_WARN_DEPRECATED_OBJC_IMPLEMENTATIONS = YES;
				CLANG_WARN_DIRECT_OBJC_ISA_USAGE = YES_ERROR;
				CLANG_WARN_DOCUMENTATION_COMMENTS = YES;
				CLANG_WARN_EMPTY_BODY = YES;
				CLANG_WARN_ENUM_CONVERSION = YES;
				CLANG_WARN_INFINITE_RECURSION = YES;
				CLANG_WARN_INT_CONVERSION = YES;
				CLANG_WARN_NON_LITERAL_NULL_CONVERSION = YES;
				CLANG_WARN_OBJC_IMPLICIT_RETAIN_SELF = YES;
				CLANG_WARN_OBJC_LITERAL_CONVERSION = YES;
				CLANG_WARN_OBJC_ROOT_CLASS = YES_ERROR;
				CLANG_WARN_QUOTED_INCLUDE_IN_FRAMEWORK_HEADER = YES;
				CLANG_WARN_RANGE_LOOP_ANALYSIS = YES;
				CLANG_WARN_STRICT_PROTOTYPES = YES;
				CLANG_WARN_SUSPICIOUS_MOVE = YES;
				CLANG_WARN_UNGUARDED_AVAILABILITY = YES_AGGRESSIVE;
				CLANG_WARN_UNREACHABLE_CODE = YES;
				CLANG_WARN__DUPLICATE_METHOD_MATCH = YES;
				COPY_PHASE_STRIP = NO;
				DEBUG_INFORMATION_FORMAT = "dwarf-with-dsym";
				ENABLE_NS_ASSERTIONS = NO;
				ENABLE_STRICT_OBJC_MSGSEND = YES;
				ENABLE_USER_SCRIPT_SANDBOXING = YES;
				GCC_C_LANGUAGE_STANDARD = gnu17;
				GCC_NO_COMMON_BLOCKS = YES;
				GCC_WARN_64_TO_32_BIT_CONVERSION = YES;
				GCC_WARN_ABOUT_RETURN_TYPE = YES_ERROR;
				GCC_WARN_UNDECLARED_SELECTOR = YES;
				GCC_WARN_UNINITIALIZED_AUTOS = YES_AGGRESSIVE;
				GCC_WARN_UNUSED_FUNCTION = YES;
				GCC_WARN_UNUSED_VARIABLE = YES;
				IPHONEOS_DEPLOYMENT_TARGET = 17.5;
				LOCALIZATION_PREFERS_STRING_CATALOGS = YES;
				MTL_ENABLE_DEBUG_INFO = NO;
				MTL_FAST_MATH = YES;
				SDKROOT = iphoneos;
				SWIFT_COMPILATION_MODE = wholemodule;
				VALIDATE_PRODUCT = YES;
			};
			name = Release;
		};
		10254E592CBCA85B006237A0 /* Debug */ = {
			isa = XCBuildConfiguration;
			buildSettings = {
				ASSETCATALOG_COMPILER_APPICON_NAME = AppIcon;
				ASSETCATALOG_COMPILER_GLOBAL_ACCENT_COLOR_NAME = AccentColor;
				CODE_SIGN_STYLE = Automatic;
				CURRENT_PROJECT_VERSION = 1;
				DEVELOPMENT_ASSET_PATHS = "\"LunarZodiacArray/Preview Content\"";
				DEVELOPMENT_TEAM = PSFP3PB5H3;
				ENABLE_PREVIEWS = YES;
				GENERATE_INFOPLIST_FILE = YES;
				INFOPLIST_KEY_UIApplicationSceneManifest_Generation = YES;
				INFOPLIST_KEY_UIApplicationSupportsIndirectInputEvents = YES;
				INFOPLIST_KEY_UILaunchScreen_Generation = YES;
				INFOPLIST_KEY_UISupportedInterfaceOrientations_iPad = "UIInterfaceOrientationPortrait UIInterfaceOrientationPortraitUpsideDown UIInterfaceOrientationLandscapeLeft UIInterfaceOrientationLandscapeRight";
				INFOPLIST_KEY_UISupportedInterfaceOrientations_iPhone = "UIInterfaceOrientationPortrait UIInterfaceOrientationLandscapeLeft UIInterfaceOrientationLandscapeRight";
				LD_RUNPATH_SEARCH_PATHS = (
					"$(inherited)",
					"@executable_path/Frameworks",
				);
				MARKETING_VERSION = 1.0;
				PRODUCT_BUNDLE_IDENTIFIER = MSU.LunarZodiacArray;
				PRODUCT_NAME = "$(TARGET_NAME)";
				SWIFT_EMIT_LOC_STRINGS = YES;
				SWIFT_VERSION = 5.0;
				TARGETED_DEVICE_FAMILY = "1,2";
			};
			name = Debug;
		};
		10254E5A2CBCA85B006237A0 /* Release */ = {
			isa = XCBuildConfiguration;
			buildSettings = {
				ASSETCATALOG_COMPILER_APPICON_NAME = AppIcon;
				ASSETCATALOG_COMPILER_GLOBAL_ACCENT_COLOR_NAME = AccentColor;
				CODE_SIGN_STYLE = Automatic;
				CURRENT_PROJECT_VERSION = 1;
				DEVELOPMENT_ASSET_PATHS = "\"LunarZodiacArray/Preview Content\"";
				DEVELOPMENT_TEAM = PSFP3PB5H3;
				ENABLE_PREVIEWS = YES;
				GENERATE_INFOPLIST_FILE = YES;
				INFOPLIST_KEY_UIApplicationSceneManifest_Generation = YES;
				INFOPLIST_KEY_UIApplicationSupportsIndirectInputEvents = YES;
				INFOPLIST_KEY_UILaunchScreen_Generation = YES;
				INFOPLIST_KEY_UISupportedInterfaceOrientations_iPad = "UIInterfaceOrientationPortrait UIInterfaceOrientationPortraitUpsideDown UIInterfaceOrientationLandscapeLeft UIInterfaceOrientationLandscapeRight";
				INFOPLIST_KEY_UISupportedInterfaceOrientations_iPhone = "UIInterfaceOrientationPortrait UIInterfaceOrientationLandscapeLeft UIInterfaceOrientationLandscapeRight";
				LD_RUNPATH_SEARCH_PATHS = (
					"$(inherited)",
					"@executable_path/Frameworks",
				);
				MARKETING_VERSION = 1.0;
				PRODUCT_BUNDLE_IDENTIFIER = MSU.LunarZodiacArray;
				PRODUCT_NAME = "$(TARGET_NAME)";
				SWIFT_EMIT_LOC_STRINGS = YES;
				SWIFT_VERSION = 5.0;
				TARGETED_DEVICE_FAMILY = "1,2";
			};
			name = Release;
		};
		10254E5C2CBCA85B006237A0 /* Debug */ = {
			isa = XCBuildConfiguration;
			buildSettings = {
				ALWAYS_EMBED_SWIFT_STANDARD_LIBRARIES = YES;
				BUNDLE_LOADER = "$(TEST_HOST)";
				CODE_SIGN_STYLE = Automatic;
				CURRENT_PROJECT_VERSION = 1;
				DEVELOPMENT_TEAM = PSFP3PB5H3;
				GENERATE_INFOPLIST_FILE = YES;
				IPHONEOS_DEPLOYMENT_TARGET = 17.5;
				MARKETING_VERSION = 1.0;
				PRODUCT_BUNDLE_IDENTIFIER = MSU.LunarZodiacArrayTests;
				PRODUCT_NAME = "$(TARGET_NAME)";
				SWIFT_EMIT_LOC_STRINGS = NO;
				SWIFT_VERSION = 5.0;
				TARGETED_DEVICE_FAMILY = "1,2";
				TEST_HOST = "$(BUILT_PRODUCTS_DIR)/LunarZodiacArray.app/$(BUNDLE_EXECUTABLE_FOLDER_PATH)/LunarZodiacArray";
			};
			name = Debug;
		};
		10254E5D2CBCA85B006237A0 /* Release */ = {
			isa = XCBuildConfiguration;
			buildSettings = {
				ALWAYS_EMBED_SWIFT_STANDARD_LIBRARIES = YES;
				BUNDLE_LOADER = "$(TEST_HOST)";
				CODE_SIGN_STYLE = Automatic;
				CURRENT_PROJECT_VERSION = 1;
				DEVELOPMENT_TEAM = PSFP3PB5H3;
				GENERATE_INFOPLIST_FILE = YES;
				IPHONEOS_DEPLOYMENT_TARGET = 17.5;
				MARKETING_VERSION = 1.0;
				PRODUCT_BUNDLE_IDENTIFIER = MSU.LunarZodiacArrayTests;
				PRODUCT_NAME = "$(TARGET_NAME)";
				SWIFT_EMIT_LOC_STRINGS = NO;
				SWIFT_VERSION = 5.0;
				TARGETED_DEVICE_FAMILY = "1,2";
				TEST_HOST = "$(BUILT_PRODUCTS_DIR)/LunarZodiacArray.app/$(BUNDLE_EXECUTABLE_FOLDER_PATH)/LunarZodiacArray";
			};
			name = Release;
		};
		10254E5F2CBCA85B006237A0 /* Debug */ = {
			isa = XCBuildConfiguration;
			buildSettings = {
				ALWAYS_EMBED_SWIFT_STANDARD_LIBRARIES = YES;
				CODE_SIGN_STYLE = Automatic;
				CURRENT_PROJECT_VERSION = 1;
				DEVELOPMENT_TEAM = PSFP3PB5H3;
				GENERATE_INFOPLIST_FILE = YES;
				MARKETING_VERSION = 1.0;
				PRODUCT_BUNDLE_IDENTIFIER = MSU.LunarZodiacArrayUITests;
				PRODUCT_NAME = "$(TARGET_NAME)";
				SWIFT_EMIT_LOC_STRINGS = NO;
				SWIFT_VERSION = 5.0;
				TARGETED_DEVICE_FAMILY = "1,2";
				TEST_TARGET_NAME = LunarZodiacArray;
			};
			name = Debug;
		};
		10254E602CBCA85B006237A0 /* Release */ = {
			isa = XCBuildConfiguration;
			buildSettings = {
				ALWAYS_EMBED_SWIFT_STANDARD_LIBRARIES = YES;
				CODE_SIGN_STYLE = Automatic;
				CURRENT_PROJECT_VERSION = 1;
				DEVELOPMENT_TEAM = PSFP3PB5H3;
				GENERATE_INFOPLIST_FILE = YES;
				MARKETING_VERSION = 1.0;
				PRODUCT_BUNDLE_IDENTIFIER = MSU.LunarZodiacArrayUITests;
				PRODUCT_NAME = "$(TARGET_NAME)";
				SWIFT_EMIT_LOC_STRINGS = NO;
				SWIFT_VERSION = 5.0;
				TARGETED_DEVICE_FAMILY = "1,2";
				TEST_TARGET_NAME = LunarZodiacArray;
			};
			name = Release;
		};
/* End XCBuildConfiguration section */

/* Begin XCConfigurationList section */
		10254E2D2CBCA859006237A0 /* Build configuration list for PBXProject "LunarZodiacArray" */ = {
			isa = XCConfigurationList;
			buildConfigurations = (
				10254E562CBCA85B006237A0 /* Debug */,
				10254E572CBCA85B006237A0 /* Release */,
			);
			defaultConfigurationIsVisible = 0;
			defaultConfigurationName = Release;
		};
		10254E582CBCA85B006237A0 /* Build configuration list for PBXNativeTarget "LunarZodiacArray" */ = {
			isa = XCConfigurationList;
			buildConfigurations = (
				10254E592CBCA85B006237A0 /* Debug */,
				10254E5A2CBCA85B006237A0 /* Release */,
			);
			defaultConfigurationIsVisible = 0;
			defaultConfigurationName = Release;
		};
		10254E5B2CBCA85B006237A0 /* Build configuration list for PBXNativeTarget "LunarZodiacArrayTests" */ = {
			isa = XCConfigurationList;
			buildConfigurations = (
				10254E5C2CBCA85B006237A0 /* Debug */,
				10254E5D2CBCA85B006237A0 /* Release */,
			);
			defaultConfigurationIsVisible = 0;
			defaultConfigurationName = Release;
		};
		10254E5E2CBCA85B006237A0 /* Build configuration list for PBXNativeTarget "LunarZodiacArrayUITests" */ = {
			isa = XCConfigurationList;
			buildConfigurations = (
				10254E5F2CBCA85B006237A0 /* Debug */,
				10254E602CBCA85B006237A0 /* Release */,
			);
			defaultConfigurationIsVisible = 0;
			defaultConfigurationName = Release;
		};
/* End XCConfigurationList section */
	};
	rootObject = 10254E2A2CBCA859006237A0 /* Project object */;
}
